// !$*UTF8*$!
{
	archiveVersion = 1;
	classes = {
	};
	objectVersion = 55;
	objects = {

/* Begin PBXBuildFile section */
		88226504271E487700025E27 /* AppDelegate.swift in Sources */ = {isa = PBXBuildFile; fileRef = 88226503271E487700025E27 /* AppDelegate.swift */; };
		8822650D271E487A00025E27 /* Assets.xcassets in Resources */ = {isa = PBXBuildFile; fileRef = 8822650C271E487A00025E27 /* Assets.xcassets */; };
		88226510271E487A00025E27 /* LaunchScreen.storyboard in Resources */ = {isa = PBXBuildFile; fileRef = 8822650E271E487A00025E27 /* LaunchScreen.storyboard */; };
		8822651A271E496E00025E27 /* Pokemon.swift in Sources */ = {isa = PBXBuildFile; fileRef = 88226519271E496E00025E27 /* Pokemon.swift */; };
		88226520271E4C0F00025E27 /* HomeViewController.swift in Sources */ = {isa = PBXBuildFile; fileRef = 8822651E271E4C0F00025E27 /* HomeViewController.swift */; };
		88226521271E4C0F00025E27 /* HomeViewController.xib in Resources */ = {isa = PBXBuildFile; fileRef = 8822651F271E4C0F00025E27 /* HomeViewController.xib */; };
		88226526271E4DA600025E27 /* DetailsViewController.swift in Sources */ = {isa = PBXBuildFile; fileRef = 88226524271E4DA600025E27 /* DetailsViewController.swift */; };
		88226527271E4DA600025E27 /* DetailsViewController.xib in Resources */ = {isa = PBXBuildFile; fileRef = 88226525271E4DA600025E27 /* DetailsViewController.xib */; };
		8822652A271E4DB500025E27 /* InitialViewController.swift in Sources */ = {isa = PBXBuildFile; fileRef = 88226528271E4DB500025E27 /* InitialViewController.swift */; };
		8822652B271E4DB500025E27 /* InitialViewController.xib in Resources */ = {isa = PBXBuildFile; fileRef = 88226529271E4DB500025E27 /* InitialViewController.xib */; };
		8822652F271E592E00025E27 /* PokemonTableViewCell.swift in Sources */ = {isa = PBXBuildFile; fileRef = 8822652D271E592E00025E27 /* PokemonTableViewCell.swift */; };
		88226530271E592E00025E27 /* PokemonTableViewCell.xib in Resources */ = {isa = PBXBuildFile; fileRef = 8822652E271E592E00025E27 /* PokemonTableViewCell.xib */; };
/* End PBXBuildFile section */

/* Begin PBXFileReference section */
		88226500271E487700025E27 /* TestPokeAPI.app */ = {isa = PBXFileReference; explicitFileType = wrapper.application; includeInIndex = 0; path = TestPokeAPI.app; sourceTree = BUILT_PRODUCTS_DIR; };
		88226503271E487700025E27 /* AppDelegate.swift */ = {isa = PBXFileReference; lastKnownFileType = sourcecode.swift; path = AppDelegate.swift; sourceTree = "<group>"; };
		8822650C271E487A00025E27 /* Assets.xcassets */ = {isa = PBXFileReference; lastKnownFileType = folder.assetcatalog; path = Assets.xcassets; sourceTree = "<group>"; };
		8822650F271E487A00025E27 /* Base */ = {isa = PBXFileReference; lastKnownFileType = file.storyboard; name = Base; path = Base.lproj/LaunchScreen.storyboard; sourceTree = "<group>"; };
		88226511271E487A00025E27 /* Info.plist */ = {isa = PBXFileReference; lastKnownFileType = text.plist.xml; path = Info.plist; sourceTree = "<group>"; };
		88226519271E496E00025E27 /* Pokemon.swift */ = {isa = PBXFileReference; lastKnownFileType = sourcecode.swift; path = Pokemon.swift; sourceTree = "<group>"; };
		8822651E271E4C0F00025E27 /* HomeViewController.swift */ = {isa = PBXFileReference; lastKnownFileType = sourcecode.swift; path = HomeViewController.swift; sourceTree = "<group>"; };
		8822651F271E4C0F00025E27 /* HomeViewController.xib */ = {isa = PBXFileReference; lastKnownFileType = file.xib; path = HomeViewController.xib; sourceTree = "<group>"; };
		88226524271E4DA600025E27 /* DetailsViewController.swift */ = {isa = PBXFileReference; lastKnownFileType = sourcecode.swift; path = DetailsViewController.swift; sourceTree = "<group>"; };
		88226525271E4DA600025E27 /* DetailsViewController.xib */ = {isa = PBXFileReference; lastKnownFileType = file.xib; path = DetailsViewController.xib; sourceTree = "<group>"; };
		88226528271E4DB500025E27 /* InitialViewController.swift */ = {isa = PBXFileReference; lastKnownFileType = sourcecode.swift; path = InitialViewController.swift; sourceTree = "<group>"; };
		88226529271E4DB500025E27 /* InitialViewController.xib */ = {isa = PBXFileReference; lastKnownFileType = file.xib; path = InitialViewController.xib; sourceTree = "<group>"; };
		8822652D271E592E00025E27 /* PokemonTableViewCell.swift */ = {isa = PBXFileReference; lastKnownFileType = sourcecode.swift; path = PokemonTableViewCell.swift; sourceTree = "<group>"; };
		8822652E271E592E00025E27 /* PokemonTableViewCell.xib */ = {isa = PBXFileReference; lastKnownFileType = file.xib; path = PokemonTableViewCell.xib; sourceTree = "<group>"; };
/* End PBXFileReference section */

/* Begin PBXFrameworksBuildPhase section */
		882264FD271E487700025E27 /* Frameworks */ = {
			isa = PBXFrameworksBuildPhase;
			buildActionMask = 2147483647;
			files = (
			);
			runOnlyForDeploymentPostprocessing = 0;
		};
/* End PBXFrameworksBuildPhase section */

/* Begin PBXGroup section */
		882264F7271E487700025E27 = {
			isa = PBXGroup;
			children = (
				88226502271E487700025E27 /* TestPokeAPI */,
				88226501271E487700025E27 /* Products */,
			);
			sourceTree = "<group>";
		};
		88226501271E487700025E27 /* Products */ = {
			isa = PBXGroup;
			children = (
				88226500271E487700025E27 /* TestPokeAPI.app */,
			);
			name = Products;
			sourceTree = "<group>";
		};
		88226502271E487700025E27 /* TestPokeAPI */ = {
			isa = PBXGroup;
			children = (
				8822651C271E4BE500025E27 /* Scenes */,
				88226517271E48A500025E27 /* Model */,
				88226503271E487700025E27 /* AppDelegate.swift */,
				8822650C271E487A00025E27 /* Assets.xcassets */,
				8822650E271E487A00025E27 /* LaunchScreen.storyboard */,
				88226511271E487A00025E27 /* Info.plist */,
			);
			path = TestPokeAPI;
			sourceTree = "<group>";
		};
		88226517271E48A500025E27 /* Model */ = {
			isa = PBXGroup;
			children = (
				88226519271E496E00025E27 /* Pokemon.swift */,
			);
			path = Model;
			sourceTree = "<group>";
		};
		8822651C271E4BE500025E27 /* Scenes */ = {
			isa = PBXGroup;
			children = (
				88226523271E4D9600025E27 /* Details */,
				88226522271E4D8900025E27 /* Initial */,
				8822651D271E4BF400025E27 /* Home */,
			);
			path = Scenes;
			sourceTree = "<group>";
		};
		8822651D271E4BF400025E27 /* Home */ = {
			isa = PBXGroup;
			children = (
				8822652C271E590D00025E27 /* Cells */,
				8822651E271E4C0F00025E27 /* HomeViewController.swift */,
				8822651F271E4C0F00025E27 /* HomeViewController.xib */,
			);
			path = Home;
			sourceTree = "<group>";
		};
		88226522271E4D8900025E27 /* Initial */ = {
			isa = PBXGroup;
			children = (
				88226528271E4DB500025E27 /* InitialViewController.swift */,
				88226529271E4DB500025E27 /* InitialViewController.xib */,
			);
			path = Initial;
			sourceTree = "<group>";
		};
		88226523271E4D9600025E27 /* Details */ = {
			isa = PBXGroup;
			children = (
				88226524271E4DA600025E27 /* DetailsViewController.swift */,
				88226525271E4DA600025E27 /* DetailsViewController.xib */,
			);
			path = Details;
			sourceTree = "<group>";
		};
		8822652C271E590D00025E27 /* Cells */ = {
			isa = PBXGroup;
			children = (
				8822652D271E592E00025E27 /* PokemonTableViewCell.swift */,
				8822652E271E592E00025E27 /* PokemonTableViewCell.xib */,
			);
			path = Cells;
			sourceTree = "<group>";
		};
/* End PBXGroup section */

/* Begin PBXNativeTarget section */
		882264FF271E487700025E27 /* TestPokeAPI */ = {
			isa = PBXNativeTarget;
			buildConfigurationList = 88226514271E487A00025E27 /* Build configuration list for PBXNativeTarget "TestPokeAPI" */;
			buildPhases = (
				882264FC271E487700025E27 /* Sources */,
				882264FD271E487700025E27 /* Frameworks */,
				882264FE271E487700025E27 /* Resources */,
			);
			buildRules = (
			);
			dependencies = (
			);
			name = TestPokeAPI;
			productName = TestPokeAPI;
			productReference = 88226500271E487700025E27 /* TestPokeAPI.app */;
			productType = "com.apple.product-type.application";
		};
/* End PBXNativeTarget section */

/* Begin PBXProject section */
		882264F8271E487700025E27 /* Project object */ = {
			isa = PBXProject;
			attributes = {
				BuildIndependentTargetsInParallel = 1;
				LastSwiftUpdateCheck = 1300;
				LastUpgradeCheck = 1300;
				TargetAttributes = {
					882264FF271E487700025E27 = {
						CreatedOnToolsVersion = 13.0;
					};
				};
			};
			buildConfigurationList = 882264FB271E487700025E27 /* Build configuration list for PBXProject "TestPokeAPI" */;
			compatibilityVersion = "Xcode 13.0";
			developmentRegion = en;
			hasScannedForEncodings = 0;
			knownRegions = (
				en,
				Base,
			);
			mainGroup = 882264F7271E487700025E27;
			productRefGroup = 88226501271E487700025E27 /* Products */;
			projectDirPath = "";
			projectRoot = "";
			targets = (
				882264FF271E487700025E27 /* TestPokeAPI */,
			);
		};
/* End PBXProject section */

/* Begin PBXResourcesBuildPhase section */
		882264FE271E487700025E27 /* Resources */ = {
			isa = PBXResourcesBuildPhase;
			buildActionMask = 2147483647;
			files = (
				88226510271E487A00025E27 /* LaunchScreen.storyboard in Resources */,
				88226530271E592E00025E27 /* PokemonTableViewCell.xib in Resources */,
				8822650D271E487A00025E27 /* Assets.xcassets in Resources */,
				8822652B271E4DB500025E27 /* InitialViewController.xib in Resources */,
				88226521271E4C0F00025E27 /* HomeViewController.xib in Resources */,
				88226527271E4DA600025E27 /* DetailsViewController.xib in Resources */,
			);
			runOnlyForDeploymentPostprocessing = 0;
		};
/* End PBXResourcesBuildPhase section */

/* Begin PBXSourcesBuildPhase section */
		882264FC271E487700025E27 /* Sources */ = {
			isa = PBXSourcesBuildPhase;
			buildActionMask = 2147483647;
			files = (
				8822652A271E4DB500025E27 /* InitialViewController.swift in Sources */,
				88226504271E487700025E27 /* AppDelegate.swift in Sources */,
				8822651A271E496E00025E27 /* Pokemon.swift in Sources */,
				8822652F271E592E00025E27 /* PokemonTableViewCell.swift in Sources */,
				88226520271E4C0F00025E27 /* HomeViewController.swift in Sources */,
				88226526271E4DA600025E27 /* DetailsViewController.swift in Sources */,
			);
			runOnlyForDeploymentPostprocessing = 0;
		};
/* End PBXSourcesBuildPhase section */

/* Begin PBXVariantGroup section */
		8822650E271E487A00025E27 /* LaunchScreen.storyboard */ = {
			isa = PBXVariantGroup;
			children = (
				8822650F271E487A00025E27 /* Base */,
			);
			name = LaunchScreen.storyboard;
			sourceTree = "<group>";
		};
/* End PBXVariantGroup section */

/* Begin XCBuildConfiguration section */
		88226512271E487A00025E27 /* Debug */ = {
			isa = XCBuildConfiguration;
			buildSettings = {
				ALWAYS_SEARCH_USER_PATHS = NO;
				CLANG_ANALYZER_NONNULL = YES;
				CLANG_ANALYZER_NUMBER_OBJECT_CONVERSION = YES_AGGRESSIVE;
				CLANG_CXX_LANGUAGE_STANDARD = "gnu++17";
				CLANG_CXX_LIBRARY = "libc++";
				CLANG_ENABLE_MODULES = YES;
				CLANG_ENABLE_OBJC_ARC = YES;
				CLANG_ENABLE_OBJC_WEAK = YES;
				CLANG_WARN_BLOCK_CAPTURE_AUTORELEASING = YES;
				CLANG_WARN_BOOL_CONVERSION = YES;
				CLANG_WARN_COMMA = YES;
				CLANG_WARN_CONSTANT_CONVERSION = YES;
				CLANG_WARN_DEPRECATED_OBJC_IMPLEMENTATIONS = YES;
				CLANG_WARN_DIRECT_OBJC_ISA_USAGE = YES_ERROR;
				CLANG_WARN_DOCUMENTATION_COMMENTS = YES;
				CLANG_WARN_EMPTY_BODY = YES;
				CLANG_WARN_ENUM_CONVERSION = YES;
				CLANG_WARN_INFINITE_RECURSION = YES;
				CLANG_WARN_INT_CONVERSION = YES;
				CLANG_WARN_NON_LITERAL_NULL_CONVERSION = YES;
				CLANG_WARN_OBJC_IMPLICIT_RETAIN_SELF = YES;
				CLANG_WARN_OBJC_LITERAL_CONVERSION = YES;
				CLANG_WARN_OBJC_ROOT_CLASS = YES_ERROR;
				CLANG_WARN_QUOTED_INCLUDE_IN_FRAMEWORK_HEADER = YES;
				CLANG_WARN_RANGE_LOOP_ANALYSIS = YES;
				CLANG_WARN_STRICT_PROTOTYPES = YES;
				CLANG_WARN_SUSPICIOUS_MOVE = YES;
				CLANG_WARN_UNGUARDED_AVAILABILITY = YES_AGGRESSIVE;
				CLANG_WARN_UNREACHABLE_CODE = YES;
				CLANG_WARN__DUPLICATE_METHOD_MATCH = YES;
				COPY_PHASE_STRIP = NO;
				DEBUG_INFORMATION_FORMAT = dwarf;
				ENABLE_STRICT_OBJC_MSGSEND = YES;
				ENABLE_TESTABILITY = YES;
				GCC_C_LANGUAGE_STANDARD = gnu11;
				GCC_DYNAMIC_NO_PIC = NO;
				GCC_NO_COMMON_BLOCKS = YES;
				GCC_OPTIMIZATION_LEVEL = 0;
				GCC_PREPROCESSOR_DEFINITIONS = (
					"DEBUG=1",
					"$(inherited)",
				);
				GCC_WARN_64_TO_32_BIT_CONVERSION = YES;
				GCC_WARN_ABOUT_RETURN_TYPE = YES_ERROR;
				GCC_WARN_UNDECLARED_SELECTOR = YES;
				GCC_WARN_UNINITIALIZED_AUTOS = YES_AGGRESSIVE;
				GCC_WARN_UNUSED_FUNCTION = YES;
				GCC_WARN_UNUSED_VARIABLE = YES;
				IPHONEOS_DEPLOYMENT_TARGET = 15.0;
				MTL_ENABLE_DEBUG_INFO = INCLUDE_SOURCE;
				MTL_FAST_MATH = YES;
				ONLY_ACTIVE_ARCH = YES;
				SDKROOT = iphoneos;
				SWIFT_ACTIVE_COMPILATION_CONDITIONS = DEBUG;
				SWIFT_OPTIMIZATION_LEVEL = "-Onone";
			};
			name = Debug;
		};
		88226513271E487A00025E27 /* Release */ = {
			isa = XCBuildConfiguration;
			buildSettings = {
				ALWAYS_SEARCH_USER_PATHS = NO;
				CLANG_ANALYZER_NONNULL = YES;
				CLANG_ANALYZER_NUMBER_OBJECT_CONVERSION = YES_AGGRESSIVE;
				CLANG_CXX_LANGUAGE_STANDARD = "gnu++17";
				CLANG_CXX_LIBRARY = "libc++";
				CLANG_ENABLE_MODULES = YES;
				CLANG_ENABLE_OBJC_ARC = YES;
				CLANG_ENABLE_OBJC_WEAK = YES;
				CLANG_WARN_BLOCK_CAPTURE_AUTORELEASING = YES;
				CLANG_WARN_BOOL_CONVERSION = YES;
				CLANG_WARN_COMMA = YES;
				CLANG_WARN_CONSTANT_CONVERSION = YES;
				CLANG_WARN_DEPRECATED_OBJC_IMPLEMENTATIONS = YES;
				CLANG_WARN_DIRECT_OBJC_ISA_USAGE = YES_ERROR;
				CLANG_WARN_DOCUMENTATION_COMMENTS = YES;
				CLANG_WARN_EMPTY_BODY = YES;
				CLANG_WARN_ENUM_CONVERSION = YES;
				CLANG_WARN_INFINITE_RECURSION = YES;
				CLANG_WARN_INT_CONVERSION = YES;
				CLANG_WARN_NON_LITERAL_NULL_CONVERSION = YES;
				CLANG_WARN_OBJC_IMPLICIT_RETAIN_SELF = YES;
				CLANG_WARN_OBJC_LITERAL_CONVERSION = YES;
				CLANG_WARN_OBJC_ROOT_CLASS = YES_ERROR;
				CLANG_WARN_QUOTED_INCLUDE_IN_FRAMEWORK_HEADER = YES;
				CLANG_WARN_RANGE_LOOP_ANALYSIS = YES;
				CLANG_WARN_STRICT_PROTOTYPES = YES;
				CLANG_WARN_SUSPICIOUS_MOVE = YES;
				CLANG_WARN_UNGUARDED_AVAILABILITY = YES_AGGRESSIVE;
				CLANG_WARN_UNREACHABLE_CODE = YES;
				CLANG_WARN__DUPLICATE_METHOD_MATCH = YES;
				COPY_PHASE_STRIP = NO;
				DEBUG_INFORMATION_FORMAT = "dwarf-with-dsym";
				ENABLE_NS_ASSERTIONS = NO;
				ENABLE_STRICT_OBJC_MSGSEND = YES;
				GCC_C_LANGUAGE_STANDARD = gnu11;
				GCC_NO_COMMON_BLOCKS = YES;
				GCC_WARN_64_TO_32_BIT_CONVERSION = YES;
				GCC_WARN_ABOUT_RETURN_TYPE = YES_ERROR;
				GCC_WARN_UNDECLARED_SELECTOR = YES;
				GCC_WARN_UNINITIALIZED_AUTOS = YES_AGGRESSIVE;
				GCC_WARN_UNUSED_FUNCTION = YES;
				GCC_WARN_UNUSED_VARIABLE = YES;
				IPHONEOS_DEPLOYMENT_TARGET = 15.0;
				MTL_ENABLE_DEBUG_INFO = NO;
				MTL_FAST_MATH = YES;
				SDKROOT = iphoneos;
				SWIFT_COMPILATION_MODE = wholemodule;
				SWIFT_OPTIMIZATION_LEVEL = "-O";
				VALIDATE_PRODUCT = YES;
			};
			name = Release;
		};
		88226515271E487A00025E27 /* Debug */ = {
			isa = XCBuildConfiguration;
			buildSettings = {
				ASSETCATALOG_COMPILER_APPICON_NAME = AppIcon;
				ASSETCATALOG_COMPILER_GLOBAL_ACCENT_COLOR_NAME = AccentColor;
				CODE_SIGN_STYLE = Automatic;
				CURRENT_PROJECT_VERSION = 1;
				GENERATE_INFOPLIST_FILE = YES;
				INFOPLIST_FILE = TestPokeAPI/Info.plist;
				INFOPLIST_KEY_UIApplicationSupportsIndirectInputEvents = YES;
				INFOPLIST_KEY_UILaunchStoryboardName = LaunchScreen;
				INFOPLIST_KEY_UISupportedInterfaceOrientations_iPad = "UIInterfaceOrientationPortrait UIInterfaceOrientationPortraitUpsideDown UIInterfaceOrientationLandscapeLeft UIInterfaceOrientationLandscapeRight";
				INFOPLIST_KEY_UISupportedInterfaceOrientations_iPhone = "UIInterfaceOrientationPortrait UIInterfaceOrientationLandscapeLeft UIInterfaceOrientationLandscapeRight";
				IPHONEOS_DEPLOYMENT_TARGET = 12.4;
				LD_RUNPATH_SEARCH_PATHS = (
					"$(inherited)",
					"@executable_path/Frameworks",
				);
				MARKETING_VERSION = 1.0;
				PRODUCT_BUNDLE_IDENTIFIER = com.rayanaprata.TestPokeAPI;
				PRODUCT_NAME = "$(TARGET_NAME)";
				SWIFT_EMIT_LOC_STRINGS = YES;
				SWIFT_VERSION = 5.0;
				TARGETED_DEVICE_FAMILY = 1;
			};
			name = Debug;
		};
		88226516271E487A00025E27 /* Release */ = {
			isa = XCBuildConfiguration;
			buildSettings = {
				ASSETCATALOG_COMPILER_APPICON_NAME = AppIcon;
				ASSETCATALOG_COMPILER_GLOBAL_ACCENT_COLOR_NAME = AccentColor;
				CODE_SIGN_STYLE = Automatic;
				CURRENT_PROJECT_VERSION = 1;
				GENERATE_INFOPLIST_FILE = YES;
				INFOPLIST_FILE = TestPokeAPI/Info.plist;
				INFOPLIST_KEY_UIApplicationSupportsIndirectInputEvents = YES;
				INFOPLIST_KEY_UILaunchStoryboardName = LaunchScreen;
				INFOPLIST_KEY_UISupportedInterfaceOrientations_iPad = "UIInterfaceOrientationPortrait UIInterfaceOrientationPortraitUpsideDown UIInterfaceOrientationLandscapeLeft UIInterfaceOrientationLandscapeRight";
				INFOPLIST_KEY_UISupportedInterfaceOrientations_iPhone = "UIInterfaceOrientationPortrait UIInterfaceOrientationLandscapeLeft UIInterfaceOrientationLandscapeRight";
				IPHONEOS_DEPLOYMENT_TARGET = 12.4;
				LD_RUNPATH_SEARCH_PATHS = (
					"$(inherited)",
					"@executable_path/Frameworks",
				);
				MARKETING_VERSION = 1.0;
				PRODUCT_BUNDLE_IDENTIFIER = com.rayanaprata.TestPokeAPI;
				PRODUCT_NAME = "$(TARGET_NAME)";
				SWIFT_EMIT_LOC_STRINGS = YES;
				SWIFT_VERSION = 5.0;
				TARGETED_DEVICE_FAMILY = 1;
			};
			name = Release;
		};
/* End XCBuildConfiguration section */

/* Begin XCConfigurationList section */
		882264FB271E487700025E27 /* Build configuration list for PBXProject "TestPokeAPI" */ = {
			isa = XCConfigurationList;
			buildConfigurations = (
				88226512271E487A00025E27 /* Debug */,
				88226513271E487A00025E27 /* Release */,
			);
			defaultConfigurationIsVisible = 0;
			defaultConfigurationName = Release;
		};
		88226514271E487A00025E27 /* Build configuration list for PBXNativeTarget "TestPokeAPI" */ = {
			isa = XCConfigurationList;
			buildConfigurations = (
				88226515271E487A00025E27 /* Debug */,
				88226516271E487A00025E27 /* Release */,
			);
			defaultConfigurationIsVisible = 0;
			defaultConfigurationName = Release;
		};
/* End XCConfigurationList section */
	};
	rootObject = 882264F8271E487700025E27 /* Project object */;
}
